
Microsoft Visual Studio Solution File, Format Version 12.00
# Visual Studio Version 17
VisualStudioVersion = 17.7.34024.191
MinimumVisualStudioVersion = 10.0.40219.1
Project("{8BC9CEB8-8B4A-11D0-8D11-00A0C91BC942}") = "KeyTestClient", "KeyTestClient.vcxproj", "{2966CBB0-CEC3-4D3B-8599-2DBA5F12C260}"
EndProject
Global
	GlobalSection(SolutionConfigurationPlatforms) = preSolution
		Debug|x64 = Debug|x64
		Debug|x86 = Debug|x86
		Release|x64 = Release|x64
		Release|x86 = Release|x86
	EndGlobalSection
	GlobalSection(ProjectConfigurationPlatforms) = postSolution
		{2966CBB0-CEC3-4D3B-8599-2DBA5F12C260}.Debug|x64.ActiveCfg = Debug|x64
		{2966CBB0-CEC3-4D3B-8599-2DBA5F12C260}.Debug|x64.Build.0 = Debug|x64
		{2966CBB0-CEC3-4D3B-8599-2DBA5F12C260}.Debug|x86.ActiveCfg = Debug|Win32
		{2966CBB0-CEC3-4D3B-8599-2DBA5F12C260}.Debug|x86.Build.0 = Debug|Win32
		{2966CBB0-CEC3-4D3B-8599-2DBA5F12C260}.Release|x64.ActiveCfg = Release|x64
		{2966CBB0-CEC3-4D3B-8599-2DBA5F12C260}.Release|x64.Build.0 = Release|x64
		{2966CBB0-CEC3-4D3B-8599-2DBA5F12C260}.Release|x86.ActiveCfg = Release|Win32
		{2966CBB0-CEC3-4D3B-8599-2DBA5F12C260}.Release|x86.Build.0 = Release|Win32
	EndGlobalSection
	GlobalSection(SolutionProperties) = preSolution
		HideSolutionNode = FALSE
	EndGlobalSection
	GlobalSection(ExtensibilityGlobals) = postSolution
		SolutionGuid = {8A129837-BD0D-4CF4-86D2-C03DB649457B}
	EndGlobalSection
EndGlobal
